
Microsoft Visual Studio Solution File, Format Version 12.00
# Visual Studio 15
VisualStudioVersion = 15.0.28307.1169
MinimumVisualStudioVersion = 10.0.40219.1
Project("{FAE04EC0-301F-11D3-BF4B-00C04F79EFBC}") = "ShallowAndDeepCopy", "ShallowAndDeepCopy\ShallowAndDeepCopy.csproj", "{64C9A9B0-BBD3-4BA3-89B1-3E26E54BFAB8}"
EndProject
Project("{FAE04EC0-301F-11D3-BF4B-00C04F79EFBC}") = "Tests", "Tests\Tests.csproj", "{1B056379-D8B5-4A62-A48F-82A8141B029D}"
EndProject
Global
	GlobalSection(SolutionConfigurationPlatforms) = preSolution
		Debug|Any CPU = Debug|Any CPU
		Release|Any CPU = Release|Any CPU
	EndGlobalSection
	GlobalSection(ProjectConfigurationPlatforms) = postSolution
		{64C9A9B0-BBD3-4BA3-89B1-3E26E54BFAB8}.Debug|Any CPU.ActiveCfg = Debug|Any CPU
		{64C9A9B0-BBD3-4BA3-89B1-3E26E54BFAB8}.Debug|Any CPU.Build.0 = Debug|Any CPU
		{64C9A9B0-BBD3-4BA3-89B1-3E26E54BFAB8}.Release|Any CPU.ActiveCfg = Release|Any CPU
		{64C9A9B0-BBD3-4BA3-89B1-3E26E54BFAB8}.Release|Any CPU.Build.0 = Release|Any CPU
		{1B056379-D8B5-4A62-A48F-82A8141B029D}.Debug|Any CPU.ActiveCfg = Debug|Any CPU
		{1B056379-D8B5-4A62-A48F-82A8141B029D}.Debug|Any CPU.Build.0 = Debug|Any CPU
		{1B056379-D8B5-4A62-A48F-82A8141B029D}.Release|Any CPU.ActiveCfg = Release|Any CPU
		{1B056379-D8B5-4A62-A48F-82A8141B029D}.Release|Any CPU.Build.0 = Release|Any CPU
	EndGlobalSection
	GlobalSection(SolutionProperties) = preSolution
		HideSolutionNode = FALSE
	EndGlobalSection
	GlobalSection(ExtensibilityGlobals) = postSolution
		SolutionGuid = {32BF802F-F760-4A1F-86DF-887AE4162629}
	EndGlobalSection
EndGlobal
